
Microsoft Visual Studio Solution File, Format Version 12.00
# Visual Studio Version 17
VisualStudioVersion = 17.9.34728.123
MinimumVisualStudioVersion = 10.0.40219.1
Project("{FAE04EC0-301F-11D3-BF4B-00C04F79EFBC}") = "SaveTheOceanV2", "SaveTheOceanV2.csproj", "{667A0E0E-1BCD-4663-9792-57A335A4B1A0}"
EndProject
Global
	GlobalSection(SolutionConfigurationPlatforms) = preSolution
		Debug|Any CPU = Debug|Any CPU
		Release|Any CPU = Release|Any CPU
	EndGlobalSection
	GlobalSection(ProjectConfigurationPlatforms) = postSolution
		{667A0E0E-1BCD-4663-9792-57A335A4B1A0}.Debug|Any CPU.ActiveCfg = Debug|Any CPU
		{667A0E0E-1BCD-4663-9792-57A335A4B1A0}.Debug|Any CPU.Build.0 = Debug|Any CPU
		{667A0E0E-1BCD-4663-9792-57A335A4B1A0}.Release|Any CPU.ActiveCfg = Release|Any CPU
		{667A0E0E-1BCD-4663-9792-57A335A4B1A0}.Release|Any CPU.Build.0 = Release|Any CPU
	EndGlobalSection
	GlobalSection(SolutionProperties) = preSolution
		HideSolutionNode = FALSE
	EndGlobalSection
	GlobalSection(ExtensibilityGlobals) = postSolution
		SolutionGuid = {53CC5169-A1FB-493C-8BF7-8CED514F5D2A}
	EndGlobalSection
EndGlobal
